
Microsoft Visual Studio Solution File, Format Version 12.00
# Visual Studio Version 17
VisualStudioVersion = 17.7.34024.191
MinimumVisualStudioVersion = 10.0.40219.1
Project("{FAE04EC0-301F-11D3-BF4B-00C04F79EFBC}") = "ToDoList", "ToDoList\ToDoList.csproj", "{47059194-3C5A-4D8E-A291-07622C20A85C}"
EndProject
Project("{FAE04EC0-301F-11D3-BF4B-00C04F79EFBC}") = "ToDoLIst.Core", "ToDoLIst.Core\ToDoLIst.Core.csproj", "{79659F94-DDCE-4B4A-9205-4C3F21259021}"
EndProject
Global
	GlobalSection(SolutionConfigurationPlatforms) = preSolution
		Debug|Any CPU = Debug|Any CPU
		Release|Any CPU = Release|Any CPU
	EndGlobalSection
	GlobalSection(ProjectConfigurationPlatforms) = postSolution
		{47059194-3C5A-4D8E-A291-07622C20A85C}.Debug|Any CPU.ActiveCfg = Debug|Any CPU
		{47059194-3C5A-4D8E-A291-07622C20A85C}.Debug|Any CPU.Build.0 = Debug|Any CPU
		{47059194-3C5A-4D8E-A291-07622C20A85C}.Release|Any CPU.ActiveCfg = Release|Any CPU
		{47059194-3C5A-4D8E-A291-07622C20A85C}.Release|Any CPU.Build.0 = Release|Any CPU
		{79659F94-DDCE-4B4A-9205-4C3F21259021}.Debug|Any CPU.ActiveCfg = Debug|Any CPU
		{79659F94-DDCE-4B4A-9205-4C3F21259021}.Debug|Any CPU.Build.0 = Debug|Any CPU
		{79659F94-DDCE-4B4A-9205-4C3F21259021}.Release|Any CPU.ActiveCfg = Release|Any CPU
		{79659F94-DDCE-4B4A-9205-4C3F21259021}.Release|Any CPU.Build.0 = Release|Any CPU
	EndGlobalSection
	GlobalSection(SolutionProperties) = preSolution
		HideSolutionNode = FALSE
	EndGlobalSection
	GlobalSection(ExtensibilityGlobals) = postSolution
		SolutionGuid = {7AD96BA9-1A57-4E5F-A21F-21B394FA420A}
	EndGlobalSection
EndGlobal
